// !$*UTF8*$!
{
	archiveVersion = 1;
	classes = {
	};
	objectVersion = 50;
	objects = {

/* Begin PBXBuildFile section */
		DAB1A6BA238662E50014E78D /* AppDelegate.swift in Sources */ = {isa = PBXBuildFile; fileRef = DAB1A6B9238662E50014E78D /* AppDelegate.swift */; };
		DAB1A6BC238662E50014E78D /* ViewController.swift in Sources */ = {isa = PBXBuildFile; fileRef = DAB1A6BB238662E50014E78D /* ViewController.swift */; };
		DAB1A6BF238662E50014E78D /* Main.storyboard in Resources */ = {isa = PBXBuildFile; fileRef = DAB1A6BD238662E50014E78D /* Main.storyboard */; };
		DAB1A6C1238662E60014E78D /* Assets.xcassets in Resources */ = {isa = PBXBuildFile; fileRef = DAB1A6C0238662E60014E78D /* Assets.xcassets */; };
		DAB1A6C4238662E60014E78D /* LaunchScreen.storyboard in Resources */ = {isa = PBXBuildFile; fileRef = DAB1A6C2238662E60014E78D /* LaunchScreen.storyboard */; };
		DAB1A6CF238662E60014E78D /* calculatorTests.swift in Sources */ = {isa = PBXBuildFile; fileRef = DAB1A6CE238662E60014E78D /* calculatorTests.swift */; };
		DAB1A6DA238662E60014E78D /* calculatorUITests.swift in Sources */ = {isa = PBXBuildFile; fileRef = DAB1A6D9238662E60014E78D /* calculatorUITests.swift */; };
		DAD6E813238A9513006A24E3 /* SettingsViewController.swift in Sources */ = {isa = PBXBuildFile; fileRef = DAD6E812238A9513006A24E3 /* SettingsViewController.swift */; };
/* End PBXBuildFile section */

/* Begin PBXContainerItemProxy section */
		DAB1A6CB238662E60014E78D /* PBXContainerItemProxy */ = {
			isa = PBXContainerItemProxy;
			containerPortal = DAB1A6AE238662E50014E78D /* Project object */;
			proxyType = 1;
			remoteGlobalIDString = DAB1A6B5238662E50014E78D;
			remoteInfo = calculator;
		};
		DAB1A6D6238662E60014E78D /* PBXContainerItemProxy */ = {
			isa = PBXContainerItemProxy;
			containerPortal = DAB1A6AE238662E50014E78D /* Project object */;
			proxyType = 1;
			remoteGlobalIDString = DAB1A6B5238662E50014E78D;
			remoteInfo = calculator;
		};
/* End PBXContainerItemProxy section */

/* Begin PBXFileReference section */
		DAB1A6B6238662E50014E78D /* calculator.app */ = {isa = PBXFileReference; explicitFileType = wrapper.application; includeInIndex = 0; path = calculator.app; sourceTree = BUILT_PRODUCTS_DIR; };
		DAB1A6B9238662E50014E78D /* AppDelegate.swift */ = {isa = PBXFileReference; lastKnownFileType = sourcecode.swift; path = AppDelegate.swift; sourceTree = "<group>"; };
		DAB1A6BB238662E50014E78D /* ViewController.swift */ = {isa = PBXFileReference; lastKnownFileType = sourcecode.swift; path = ViewController.swift; sourceTree = "<group>"; };
		DAB1A6BE238662E50014E78D /* Base */ = {isa = PBXFileReference; lastKnownFileType = file.storyboard; name = Base; path = Base.lproj/Main.storyboard; sourceTree = "<group>"; };
		DAB1A6C0238662E60014E78D /* Assets.xcassets */ = {isa = PBXFileReference; lastKnownFileType = folder.assetcatalog; path = Assets.xcassets; sourceTree = "<group>"; };
		DAB1A6C3238662E60014E78D /* Base */ = {isa = PBXFileReference; lastKnownFileType = file.storyboard; name = Base; path = Base.lproj/LaunchScreen.storyboard; sourceTree = "<group>"; };
		DAB1A6C5238662E60014E78D /* Info.plist */ = {isa = PBXFileReference; lastKnownFileType = text.plist.xml; path = Info.plist; sourceTree = "<group>"; };
		DAB1A6CA238662E60014E78D /* calculatorTests.xctest */ = {isa = PBXFileReference; explicitFileType = wrapper.cfbundle; includeInIndex = 0; path = calculatorTests.xctest; sourceTree = BUILT_PRODUCTS_DIR; };
		DAB1A6CE238662E60014E78D /* calculatorTests.swift */ = {isa = PBXFileReference; lastKnownFileType = sourcecode.swift; path = calculatorTests.swift; sourceTree = "<group>"; };
		DAB1A6D0238662E60014E78D /* Info.plist */ = {isa = PBXFileReference; lastKnownFileType = text.plist.xml; path = Info.plist; sourceTree = "<group>"; };
		DAB1A6D5238662E60014E78D /* calculatorUITests.xctest */ = {isa = PBXFileReference; explicitFileType = wrapper.cfbundle; includeInIndex = 0; path = calculatorUITests.xctest; sourceTree = BUILT_PRODUCTS_DIR; };
		DAB1A6D9238662E60014E78D /* calculatorUITests.swift */ = {isa = PBXFileReference; lastKnownFileType = sourcecode.swift; path = calculatorUITests.swift; sourceTree = "<group>"; };
		DAB1A6DB238662E60014E78D /* Info.plist */ = {isa = PBXFileReference; lastKnownFileType = text.plist.xml; path = Info.plist; sourceTree = "<group>"; };
		DAD6E812238A9513006A24E3 /* SettingsViewController.swift */ = {isa = PBXFileReference; lastKnownFileType = sourcecode.swift; path = SettingsViewController.swift; sourceTree = "<group>"; };
/* End PBXFileReference section */

/* Begin PBXFrameworksBuildPhase section */
		DAB1A6B3238662E50014E78D /* Frameworks */ = {
			isa = PBXFrameworksBuildPhase;
			buildActionMask = 2147483647;
			files = (
			);
			runOnlyForDeploymentPostprocessing = 0;
		};
		DAB1A6C7238662E60014E78D /* Frameworks */ = {
			isa = PBXFrameworksBuildPhase;
			buildActionMask = 2147483647;
			files = (
			);
			runOnlyForDeploymentPostprocessing = 0;
		};
		DAB1A6D2238662E60014E78D /* Frameworks */ = {
			isa = PBXFrameworksBuildPhase;
			buildActionMask = 2147483647;
			files = (
			);
			runOnlyForDeploymentPostprocessing = 0;
		};
/* End PBXFrameworksBuildPhase section */

/* Begin PBXGroup section */
		DAB1A6AD238662E50014E78D = {
			isa = PBXGroup;
			children = (
				DAB1A6B8238662E50014E78D /* calculator */,
				DAB1A6CD238662E60014E78D /* calculatorTests */,
				DAB1A6D8238662E60014E78D /* calculatorUITests */,
				DAB1A6B7238662E50014E78D /* Products */,
			);
			sourceTree = "<group>";
		};
		DAB1A6B7238662E50014E78D /* Products */ = {
			isa = PBXGroup;
			children = (
				DAB1A6B6238662E50014E78D /* calculator.app */,
				DAB1A6CA238662E60014E78D /* calculatorTests.xctest */,
				DAB1A6D5238662E60014E78D /* calculatorUITests.xctest */,
			);
			name = Products;
			sourceTree = "<group>";
		};
		DAB1A6B8238662E50014E78D /* calculator */ = {
			isa = PBXGroup;
			children = (
				DAB1A6B9238662E50014E78D /* AppDelegate.swift */,
				DAB1A6BB238662E50014E78D /* ViewController.swift */,
				DAD6E812238A9513006A24E3 /* SettingsViewController.swift */,
				DAB1A6BD238662E50014E78D /* Main.storyboard */,
				DAB1A6C0238662E60014E78D /* Assets.xcassets */,
				DAB1A6C2238662E60014E78D /* LaunchScreen.storyboard */,
				DAB1A6C5238662E60014E78D /* Info.plist */,
			);
			path = calculator;
			sourceTree = "<group>";
		};
		DAB1A6CD238662E60014E78D /* calculatorTests */ = {
			isa = PBXGroup;
			children = (
				DAB1A6CE238662E60014E78D /* calculatorTests.swift */,
				DAB1A6D0238662E60014E78D /* Info.plist */,
			);
			path = calculatorTests;
			sourceTree = "<group>";
		};
		DAB1A6D8238662E60014E78D /* calculatorUITests */ = {
			isa = PBXGroup;
			children = (
				DAB1A6D9238662E60014E78D /* calculatorUITests.swift */,
				DAB1A6DB238662E60014E78D /* Info.plist */,
			);
			path = calculatorUITests;
			sourceTree = "<group>";
		};
/* End PBXGroup section */

/* Begin PBXNativeTarget section */
		DAB1A6B5238662E50014E78D /* calculator */ = {
			isa = PBXNativeTarget;
			buildConfigurationList = DAB1A6DE238662E60014E78D /* Build configuration list for PBXNativeTarget "calculator" */;
			buildPhases = (
				DAB1A6B2238662E50014E78D /* Sources */,
				DAB1A6B3238662E50014E78D /* Frameworks */,
				DAB1A6B4238662E50014E78D /* Resources */,
			);
			buildRules = (
			);
			dependencies = (
			);
			name = calculator;
			productName = calculator;
			productReference = DAB1A6B6238662E50014E78D /* calculator.app */;
			productType = "com.apple.product-type.application";
		};
		DAB1A6C9238662E60014E78D /* calculatorTests */ = {
			isa = PBXNativeTarget;
			buildConfigurationList = DAB1A6E1238662E60014E78D /* Build configuration list for PBXNativeTarget "calculatorTests" */;
			buildPhases = (
				DAB1A6C6238662E60014E78D /* Sources */,
				DAB1A6C7238662E60014E78D /* Frameworks */,
				DAB1A6C8238662E60014E78D /* Resources */,
			);
			buildRules = (
			);
			dependencies = (
				DAB1A6CC238662E60014E78D /* PBXTargetDependency */,
			);
			name = calculatorTests;
			productName = calculatorTests;
			productReference = DAB1A6CA238662E60014E78D /* calculatorTests.xctest */;
			productType = "com.apple.product-type.bundle.unit-test";
		};
		DAB1A6D4238662E60014E78D /* calculatorUITests */ = {
			isa = PBXNativeTarget;
			buildConfigurationList = DAB1A6E4238662E60014E78D /* Build configuration list for PBXNativeTarget "calculatorUITests" */;
			buildPhases = (
				DAB1A6D1238662E60014E78D /* Sources */,
				DAB1A6D2238662E60014E78D /* Frameworks */,
				DAB1A6D3238662E60014E78D /* Resources */,
			);
			buildRules = (
			);
			dependencies = (
				DAB1A6D7238662E60014E78D /* PBXTargetDependency */,
			);
			name = calculatorUITests;
			productName = calculatorUITests;
			productReference = DAB1A6D5238662E60014E78D /* calculatorUITests.xctest */;
			productType = "com.apple.product-type.bundle.ui-testing";
		};
/* End PBXNativeTarget section */

/* Begin PBXProject section */
		DAB1A6AE238662E50014E78D /* Project object */ = {
			isa = PBXProject;
			attributes = {
				LastSwiftUpdateCheck = 1020;
				LastUpgradeCheck = 1020;
				ORGANIZATIONNAME = "Vinh Vu";
				TargetAttributes = {
					DAB1A6B5238662E50014E78D = {
						CreatedOnToolsVersion = 10.2.1;
					};
					DAB1A6C9238662E60014E78D = {
						CreatedOnToolsVersion = 10.2.1;
						TestTargetID = DAB1A6B5238662E50014E78D;
					};
					DAB1A6D4238662E60014E78D = {
						CreatedOnToolsVersion = 10.2.1;
						TestTargetID = DAB1A6B5238662E50014E78D;
					};
				};
			};
			buildConfigurationList = DAB1A6B1238662E50014E78D /* Build configuration list for PBXProject "calculator" */;
			compatibilityVersion = "Xcode 9.3";
			developmentRegion = en;
			hasScannedForEncodings = 0;
			knownRegions = (
				en,
				Base,
			);
			mainGroup = DAB1A6AD238662E50014E78D;
			productRefGroup = DAB1A6B7238662E50014E78D /* Products */;
			projectDirPath = "";
			projectRoot = "";
			targets = (
				DAB1A6B5238662E50014E78D /* calculator */,
				DAB1A6C9238662E60014E78D /* calculatorTests */,
				DAB1A6D4238662E60014E78D /* calculatorUITests */,
			);
		};
/* End PBXProject section */

/* Begin PBXResourcesBuildPhase section */
		DAB1A6B4238662E50014E78D /* Resources */ = {
			isa = PBXResourcesBuildPhase;
			buildActionMask = 2147483647;
			files = (
				DAB1A6C4238662E60014E78D /* LaunchScreen.storyboard in Resources */,
				DAB1A6C1238662E60014E78D /* Assets.xcassets in Resources */,
				DAB1A6BF238662E50014E78D /* Main.storyboard in Resources */,
			);
			runOnlyForDeploymentPostprocessing = 0;
		};
		DAB1A6C8238662E60014E78D /* Resources */ = {
			isa = PBXResourcesBuildPhase;
			buildActionMask = 2147483647;
			files = (
			);
			runOnlyForDeploymentPostprocessing = 0;
		};
		DAB1A6D3238662E60014E78D /* Resources */ = {
			isa = PBXResourcesBuildPhase;
			buildActionMask = 2147483647;
			files = (
			);
			runOnlyForDeploymentPostprocessing = 0;
		};
/* End PBXResourcesBuildPhase section */

/* Begin PBXSourcesBuildPhase section */
		DAB1A6B2238662E50014E78D /* Sources */ = {
			isa = PBXSourcesBuildPhase;
			buildActionMask = 2147483647;
			files = (
				DAB1A6BC238662E50014E78D /* ViewController.swift in Sources */,
				DAB1A6BA238662E50014E78D /* AppDelegate.swift in Sources */,
				DAD6E813238A9513006A24E3 /* SettingsViewController.swift in Sources */,
			);
			runOnlyForDeploymentPostprocessing = 0;
		};
		DAB1A6C6238662E60014E78D /* Sources */ = {
			isa = PBXSourcesBuildPhase;
			buildActionMask = 2147483647;
			files = (
				DAB1A6CF238662E60014E78D /* calculatorTests.swift in Sources */,
			);
			runOnlyForDeploymentPostprocessing = 0;
		};
		DAB1A6D1238662E60014E78D /* Sources */ = {
			isa = PBXSourcesBuildPhase;
			buildActionMask = 2147483647;
			files = (
				DAB1A6DA238662E60014E78D /* calculatorUITests.swift in Sources */,
			);
			runOnlyForDeploymentPostprocessing = 0;
		};
/* End PBXSourcesBuildPhase section */

/* Begin PBXTargetDependency section */
		DAB1A6CC238662E60014E78D /* PBXTargetDependency */ = {
			isa = PBXTargetDependency;
			target = DAB1A6B5238662E50014E78D /* calculator */;
			targetProxy = DAB1A6CB238662E60014E78D /* PBXContainerItemProxy */;
		};
		DAB1A6D7238662E60014E78D /* PBXTargetDependency */ = {
			isa = PBXTargetDependency;
			target = DAB1A6B5238662E50014E78D /* calculator */;
			targetProxy = DAB1A6D6238662E60014E78D /* PBXContainerItemProxy */;
		};
/* End PBXTargetDependency section */

/* Begin PBXVariantGroup section */
		DAB1A6BD238662E50014E78D /* Main.storyboard */ = {
			isa = PBXVariantGroup;
			children = (
				DAB1A6BE238662E50014E78D /* Base */,
			);
			name = Main.storyboard;
			sourceTree = "<group>";
		};
		DAB1A6C2238662E60014E78D /* LaunchScreen.storyboard */ = {
			isa = PBXVariantGroup;
			children = (
				DAB1A6C3238662E60014E78D /* Base */,
			);
			name = LaunchScreen.storyboard;
			sourceTree = "<group>";
		};
/* End PBXVariantGroup section */

/* Begin XCBuildConfiguration section */
		DAB1A6DC238662E60014E78D /* Debug */ = {
			isa = XCBuildConfiguration;
			buildSettings = {
				ALWAYS_SEARCH_USER_PATHS = NO;
				CLANG_ANALYZER_NONNULL = YES;
				CLANG_ANALYZER_NUMBER_OBJECT_CONVERSION = YES_AGGRESSIVE;
				CLANG_CXX_LANGUAGE_STANDARD = "gnu++14";
				CLANG_CXX_LIBRARY = "libc++";
				CLANG_ENABLE_MODULES = YES;
				CLANG_ENABLE_OBJC_ARC = YES;
				CLANG_ENABLE_OBJC_WEAK = YES;
				CLANG_WARN_BLOCK_CAPTURE_AUTORELEASING = YES;
				CLANG_WARN_BOOL_CONVERSION = YES;
				CLANG_WARN_COMMA = YES;
				CLANG_WARN_CONSTANT_CONVERSION = YES;
				CLANG_WARN_DEPRECATED_OBJC_IMPLEMENTATIONS = YES;
				CLANG_WARN_DIRECT_OBJC_ISA_USAGE = YES_ERROR;
				CLANG_WARN_DOCUMENTATION_COMMENTS = YES;
				CLANG_WARN_EMPTY_BODY = YES;
				CLANG_WARN_ENUM_CONVERSION = YES;
				CLANG_WARN_INFINITE_RECURSION = YES;
				CLANG_WARN_INT_CONVERSION = YES;
				CLANG_WARN_NON_LITERAL_NULL_CONVERSION = YES;
				CLANG_WARN_OBJC_IMPLICIT_RETAIN_SELF = YES;
				CLANG_WARN_OBJC_LITERAL_CONVERSION = YES;
				CLANG_WARN_OBJC_ROOT_CLASS = YES_ERROR;
				CLANG_WARN_RANGE_LOOP_ANALYSIS = YES;
				CLANG_WARN_STRICT_PROTOTYPES = YES;
				CLANG_WARN_SUSPICIOUS_MOVE = YES;
				CLANG_WARN_UNGUARDED_AVAILABILITY = YES_AGGRESSIVE;
				CLANG_WARN_UNREACHABLE_CODE = YES;
				CLANG_WARN__DUPLICATE_METHOD_MATCH = YES;
				CODE_SIGN_IDENTITY = "iPhone Developer";
				COPY_PHASE_STRIP = NO;
				DEBUG_INFORMATION_FORMAT = dwarf;
				ENABLE_STRICT_OBJC_MSGSEND = YES;
				ENABLE_TESTABILITY = YES;
				GCC_C_LANGUAGE_STANDARD = gnu11;
				GCC_DYNAMIC_NO_PIC = NO;
				GCC_NO_COMMON_BLOCKS = YES;
				GCC_OPTIMIZATION_LEVEL = 0;
				GCC_PREPROCESSOR_DEFINITIONS = (
					"DEBUG=1",
					"$(inherited)",
				);
				GCC_WARN_64_TO_32_BIT_CONVERSION = YES;
				GCC_WARN_ABOUT_RETURN_TYPE = YES_ERROR;
				GCC_WARN_UNDECLARED_SELECTOR = YES;
				GCC_WARN_UNINITIALIZED_AUTOS = YES_AGGRESSIVE;
				GCC_WARN_UNUSED_FUNCTION = YES;
				GCC_WARN_UNUSED_VARIABLE = YES;
				IPHONEOS_DEPLOYMENT_TARGET = 12.2;
				MTL_ENABLE_DEBUG_INFO = INCLUDE_SOURCE;
				MTL_FAST_MATH = YES;
				ONLY_ACTIVE_ARCH = YES;
				SDKROOT = iphoneos;
				SWIFT_ACTIVE_COMPILATION_CONDITIONS = DEBUG;
				SWIFT_OPTIMIZATION_LEVEL = "-Onone";
			};
			name = Debug;
		};
		DAB1A6DD238662E60014E78D /* Release */ = {
			isa = XCBuildConfiguration;
			buildSettings = {
				ALWAYS_SEARCH_USER_PATHS = NO;
				CLANG_ANALYZER_NONNULL = YES;
				CLANG_ANALYZER_NUMBER_OBJECT_CONVERSION = YES_AGGRESSIVE;
				CLANG_CXX_LANGUAGE_STANDARD = "gnu++14";
				CLANG_CXX_LIBRARY = "libc++";
				CLANG_ENABLE_MODULES = YES;
				CLANG_ENABLE_OBJC_ARC = YES;
				CLANG_ENABLE_OBJC_WEAK = YES;
				CLANG_WARN_BLOCK_CAPTURE_AUTORELEASING = YES;
				CLANG_WARN_BOOL_CONVERSION = YES;
				CLANG_WARN_COMMA = YES;
				CLANG_WARN_CONSTANT_CONVERSION = YES;
				CLANG_WARN_DEPRECATED_OBJC_IMPLEMENTATIONS = YES;
				CLANG_WARN_DIRECT_OBJC_ISA_USAGE = YES_ERROR;
				CLANG_WARN_DOCUMENTATION_COMMENTS = YES;
				CLANG_WARN_EMPTY_BODY = YES;
				CLANG_WARN_ENUM_CONVERSION = YES;
				CLANG_WARN_INFINITE_RECURSION = YES;
				CLANG_WARN_INT_CONVERSION = YES;
				CLANG_WARN_NON_LITERAL_NULL_CONVERSION = YES;
				CLANG_WARN_OBJC_IMPLICIT_RETAIN_SELF = YES;
				CLANG_WARN_OBJC_LITERAL_CONVERSION = YES;
				CLANG_WARN_OBJC_ROOT_CLASS = YES_ERROR;
				CLANG_WARN_RANGE_LOOP_ANALYSIS = YES;
				CLANG_WARN_STRICT_PROTOTYPES = YES;
				CLANG_WARN_SUSPICIOUS_MOVE = YES;
				CLANG_WARN_UNGUARDED_AVAILABILITY = YES_AGGRESSIVE;
				CLANG_WARN_UNREACHABLE_CODE = YES;
				CLANG_WARN__DUPLICATE_METHOD_MATCH = YES;
				CODE_SIGN_IDENTITY = "iPhone Developer";
				COPY_PHASE_STRIP = NO;
				DEBUG_INFORMATION_FORMAT = "dwarf-with-dsym";
				ENABLE_NS_ASSERTIONS = NO;
				ENABLE_STRICT_OBJC_MSGSEND = YES;
				GCC_C_LANGUAGE_STANDARD = gnu11;
				GCC_NO_COMMON_BLOCKS = YES;
				GCC_WARN_64_TO_32_BIT_CONVERSION = YES;
				GCC_WARN_ABOUT_RETURN_TYPE = YES_ERROR;
				GCC_WARN_UNDECLARED_SELECTOR = YES;
				GCC_WARN_UNINITIALIZED_AUTOS = YES_AGGRESSIVE;
				GCC_WARN_UNUSED_FUNCTION = YES;
				GCC_WARN_UNUSED_VARIABLE = YES;
				IPHONEOS_DEPLOYMENT_TARGET = 12.2;
				MTL_ENABLE_DEBUG_INFO = NO;
				MTL_FAST_MATH = YES;
				SDKROOT = iphoneos;
				SWIFT_COMPILATION_MODE = wholemodule;
				SWIFT_OPTIMIZATION_LEVEL = "-O";
				VALIDATE_PRODUCT = YES;
			};
			name = Release;
		};
		DAB1A6DF238662E60014E78D /* Debug */ = {
			isa = XCBuildConfiguration;
			buildSettings = {
				ASSETCATALOG_COMPILER_APPICON_NAME = AppIcon;
				CODE_SIGN_STYLE = Automatic;
				DEVELOPMENT_TEAM = 8BHVL8GAX5;
				INFOPLIST_FILE = calculator/Info.plist;
				LD_RUNPATH_SEARCH_PATHS = (
					"$(inherited)",
					"@executable_path/Frameworks",
				);
				PRODUCT_BUNDLE_IDENTIFIER = com.vinhthevu.calculator;
				PRODUCT_NAME = "$(TARGET_NAME)";
				SWIFT_VERSION = 5.0;
				TARGETED_DEVICE_FAMILY = "1,2";
			};
			name = Debug;
		};
		DAB1A6E0238662E60014E78D /* Release */ = {
			isa = XCBuildConfiguration;
			buildSettings = {
				ASSETCATALOG_COMPILER_APPICON_NAME = AppIcon;
				CODE_SIGN_STYLE = Automatic;
				DEVELOPMENT_TEAM = 8BHVL8GAX5;
				INFOPLIST_FILE = calculator/Info.plist;
				LD_RUNPATH_SEARCH_PATHS = (
					"$(inherited)",
					"@executable_path/Frameworks",
				);
				PRODUCT_BUNDLE_IDENTIFIER = com.vinhthevu.calculator;
				PRODUCT_NAME = "$(TARGET_NAME)";
				SWIFT_VERSION = 5.0;
				TARGETED_DEVICE_FAMILY = "1,2";
			};
			name = Release;
		};
		DAB1A6E2238662E60014E78D /* Debug */ = {
			isa = XCBuildConfiguration;
			buildSettings = {
				ALWAYS_EMBED_SWIFT_STANDARD_LIBRARIES = YES;
				BUNDLE_LOADER = "$(TEST_HOST)";
				CODE_SIGN_STYLE = Automatic;
				DEVELOPMENT_TEAM = 8BHVL8GAX5;
				INFOPLIST_FILE = calculatorTests/Info.plist;
				LD_RUNPATH_SEARCH_PATHS = (
					"$(inherited)",
					"@executable_path/Frameworks",
					"@loader_path/Frameworks",
				);
				PRODUCT_BUNDLE_IDENTIFIER = com.vinhthevu.calculatorTests;
				PRODUCT_NAME = "$(TARGET_NAME)";
				SWIFT_VERSION = 5.0;
				TARGETED_DEVICE_FAMILY = "1,2";
				TEST_HOST = "$(BUILT_PRODUCTS_DIR)/calculator.app/calculator";
			};
			name = Debug;
		};
		DAB1A6E3238662E60014E78D /* Release */ = {
			isa = XCBuildConfiguration;
			buildSettings = {
				ALWAYS_EMBED_SWIFT_STANDARD_LIBRARIES = YES;
				BUNDLE_LOADER = "$(TEST_HOST)";
				CODE_SIGN_STYLE = Automatic;
				DEVELOPMENT_TEAM = 8BHVL8GAX5;
				INFOPLIST_FILE = calculatorTests/Info.plist;
				LD_RUNPATH_SEARCH_PATHS = (
					"$(inherited)",
					"@executable_path/Frameworks",
					"@loader_path/Frameworks",
				);
				PRODUCT_BUNDLE_IDENTIFIER = com.vinhthevu.calculatorTests;
				PRODUCT_NAME = "$(TARGET_NAME)";
				SWIFT_VERSION = 5.0;
				TARGETED_DEVICE_FAMILY = "1,2";
				TEST_HOST = "$(BUILT_PRODUCTS_DIR)/calculator.app/calculator";
			};
			name = Release;
		};
		DAB1A6E5238662E60014E78D /* Debug */ = {
			isa = XCBuildConfiguration;
			buildSettings = {
				ALWAYS_EMBED_SWIFT_STANDARD_LIBRARIES = YES;
				CODE_SIGN_STYLE = Automatic;
				DEVELOPMENT_TEAM = 8BHVL8GAX5;
				INFOPLIST_FILE = calculatorUITests/Info.plist;
				LD_RUNPATH_SEARCH_PATHS = (
					"$(inherited)",
					"@executable_path/Frameworks",
					"@loader_path/Frameworks",
				);
				PRODUCT_BUNDLE_IDENTIFIER = com.vinhthevu.calculatorUITests;
				PRODUCT_NAME = "$(TARGET_NAME)";
				SWIFT_VERSION = 5.0;
				TARGETED_DEVICE_FAMILY = "1,2";
				TEST_TARGET_NAME = calculator;
			};
			name = Debug;
		};
		DAB1A6E6238662E60014E78D /* Release */ = {
			isa = XCBuildConfiguration;
			buildSettings = {
				ALWAYS_EMBED_SWIFT_STANDARD_LIBRARIES = YES;
				CODE_SIGN_STYLE = Automatic;
				DEVELOPMENT_TEAM = 8BHVL8GAX5;
				INFOPLIST_FILE = calculatorUITests/Info.plist;
				LD_RUNPATH_SEARCH_PATHS = (
					"$(inherited)",
					"@executable_path/Frameworks",
					"@loader_path/Frameworks",
				);
				PRODUCT_BUNDLE_IDENTIFIER = com.vinhthevu.calculatorUITests;
				PRODUCT_NAME = "$(TARGET_NAME)";
				SWIFT_VERSION = 5.0;
				TARGETED_DEVICE_FAMILY = "1,2";
				TEST_TARGET_NAME = calculator;
			};
			name = Release;
		};
/* End XCBuildConfiguration section */

/* Begin XCConfigurationList section */
		DAB1A6B1238662E50014E78D /* Build configuration list for PBXProject "calculator" */ = {
			isa = XCConfigurationList;
			buildConfigurations = (
				DAB1A6DC238662E60014E78D /* Debug */,
				DAB1A6DD238662E60014E78D /* Release */,
			);
			defaultConfigurationIsVisible = 0;
			defaultConfigurationName = Release;
		};
		DAB1A6DE238662E60014E78D /* Build configuration list for PBXNativeTarget "calculator" */ = {
			isa = XCConfigurationList;
			buildConfigurations = (
				DAB1A6DF238662E60014E78D /* Debug */,
				DAB1A6E0238662E60014E78D /* Release */,
			);
			defaultConfigurationIsVisible = 0;
			defaultConfigurationName = Release;
		};
		DAB1A6E1238662E60014E78D /* Build configuration list for PBXNativeTarget "calculatorTests" */ = {
			isa = XCConfigurationList;
			buildConfigurations = (
				DAB1A6E2238662E60014E78D /* Debug */,
				DAB1A6E3238662E60014E78D /* Release */,
			);
			defaultConfigurationIsVisible = 0;
			defaultConfigurationName = Release;
		};
		DAB1A6E4238662E60014E78D /* Build configuration list for PBXNativeTarget "calculatorUITests" */ = {
			isa = XCConfigurationList;
			buildConfigurations = (
				DAB1A6E5238662E60014E78D /* Debug */,
				DAB1A6E6238662E60014E78D /* Release */,
			);
			defaultConfigurationIsVisible = 0;
			defaultConfigurationName = Release;
		};
/* End XCConfigurationList section */
	};
	rootObject = DAB1A6AE238662E50014E78D /* Project object */;
}
